
Microsoft Visual Studio Solution File, Format Version 12.00
# Visual Studio Version 16
VisualStudioVersion = 16.0.32228.343
MinimumVisualStudioVersion = 10.0.40219.1
Project("{FAE04EC0-301F-11D3-BF4B-00C04F79EFBC}") = "RevitAPIWallsTypeChange", "RevitAPIButtons\RevitAPIWallsTypeChange.csproj", "{C964436D-E806-4DDA-B29A-656BF6809926}"
EndProject
Project("{FAE04EC0-301F-11D3-BF4B-00C04F79EFBC}") = "RevitAPILibraryTrainig", "..\RevitAPILibraryTrainig\RevitAPILibraryTrainig\RevitAPILibraryTrainig.csproj", "{A5A34B69-63A3-4155-832E-5EB917934872}"
EndProject
Global
	GlobalSection(SolutionConfigurationPlatforms) = preSolution
		Debug|Any CPU = Debug|Any CPU
		Release|Any CPU = Release|Any CPU
	EndGlobalSection
	GlobalSection(ProjectConfigurationPlatforms) = postSolution
		{C964436D-E806-4DDA-B29A-656BF6809926}.Debug|Any CPU.ActiveCfg = Debug|Any CPU
		{C964436D-E806-4DDA-B29A-656BF6809926}.Debug|Any CPU.Build.0 = Debug|Any CPU
		{C964436D-E806-4DDA-B29A-656BF6809926}.Release|Any CPU.ActiveCfg = Release|Any CPU
		{C964436D-E806-4DDA-B29A-656BF6809926}.Release|Any CPU.Build.0 = Release|Any CPU
		{A5A34B69-63A3-4155-832E-5EB917934872}.Debug|Any CPU.ActiveCfg = Debug|Any CPU
		{A5A34B69-63A3-4155-832E-5EB917934872}.Debug|Any CPU.Build.0 = Debug|Any CPU
		{A5A34B69-63A3-4155-832E-5EB917934872}.Release|Any CPU.ActiveCfg = Release|Any CPU
		{A5A34B69-63A3-4155-832E-5EB917934872}.Release|Any CPU.Build.0 = Release|Any CPU
	EndGlobalSection
	GlobalSection(SolutionProperties) = preSolution
		HideSolutionNode = FALSE
	EndGlobalSection
	GlobalSection(ExtensibilityGlobals) = postSolution
		SolutionGuid = {664FFBF8-E63E-4DAD-A7BD-D1D9DC7449FF}
	EndGlobalSection
EndGlobal
